
Microsoft Visual Studio Solution File, Format Version 12.00
# Visual Studio Version 17
VisualStudioVersion = 17.3.32819.101
MinimumVisualStudioVersion = 10.0.40219.1
Project("{FAE04EC0-301F-11D3-BF4B-00C04F79EFBC}") = "ClassMetotDemo", "ClassMetotDemo\ClassMetotDemo.csproj", "{6963B8D2-BF9A-4EC1-B5E6-524748641651}"
EndProject
Global
	GlobalSection(SolutionConfigurationPlatforms) = preSolution
		Debug|Any CPU = Debug|Any CPU
		Release|Any CPU = Release|Any CPU
	EndGlobalSection
	GlobalSection(ProjectConfigurationPlatforms) = postSolution
		{6963B8D2-BF9A-4EC1-B5E6-524748641651}.Debug|Any CPU.ActiveCfg = Debug|Any CPU
		{6963B8D2-BF9A-4EC1-B5E6-524748641651}.Debug|Any CPU.Build.0 = Debug|Any CPU
		{6963B8D2-BF9A-4EC1-B5E6-524748641651}.Release|Any CPU.ActiveCfg = Release|Any CPU
		{6963B8D2-BF9A-4EC1-B5E6-524748641651}.Release|Any CPU.Build.0 = Release|Any CPU
	EndGlobalSection
	GlobalSection(SolutionProperties) = preSolution
		HideSolutionNode = FALSE
	EndGlobalSection
	GlobalSection(ExtensibilityGlobals) = postSolution
		SolutionGuid = {33E636AC-40DE-409C-A86E-8D15B00DA699}
	EndGlobalSection
EndGlobal
